
Microsoft Visual Studio Solution File, Format Version 12.00
# Visual Studio Version 17
VisualStudioVersion = 17.0.31903.59
MinimumVisualStudioVersion = 10.0.40219.1
Project("{FAE04EC0-301F-11D3-BF4B-00C04F79EFBC}") = "PerformanceService", "PerformanceService\PerformanceService.csproj", "{B188A58F-E04D-4439-B303-9FC3DA61D805}"
EndProject
Project("{FAE04EC0-301F-11D3-BF4B-00C04F79EFBC}") = "GrpcDependencies", "GrpcDependencies\GrpcDependencies.csproj", "{234755F2-9A61-4390-8D8B-BCA70151D17C}"
EndProject
Project("{FAE04EC0-301F-11D3-BF4B-00C04F79EFBC}") = "ApiGateway", "ApiGateway\ApiGateway.csproj", "{2D067503-337D-4407-9BBA-732885D65282}"
EndProject
Global
	GlobalSection(SolutionConfigurationPlatforms) = preSolution
		Debug|Any CPU = Debug|Any CPU
		Release|Any CPU = Release|Any CPU
	EndGlobalSection
	GlobalSection(SolutionProperties) = preSolution
		HideSolutionNode = FALSE
	EndGlobalSection
	GlobalSection(ProjectConfigurationPlatforms) = postSolution
		{B188A58F-E04D-4439-B303-9FC3DA61D805}.Debug|Any CPU.ActiveCfg = Debug|Any CPU
		{B188A58F-E04D-4439-B303-9FC3DA61D805}.Debug|Any CPU.Build.0 = Debug|Any CPU
		{B188A58F-E04D-4439-B303-9FC3DA61D805}.Release|Any CPU.ActiveCfg = Release|Any CPU
		{B188A58F-E04D-4439-B303-9FC3DA61D805}.Release|Any CPU.Build.0 = Release|Any CPU
		{234755F2-9A61-4390-8D8B-BCA70151D17C}.Debug|Any CPU.ActiveCfg = Debug|Any CPU
		{234755F2-9A61-4390-8D8B-BCA70151D17C}.Debug|Any CPU.Build.0 = Debug|Any CPU
		{234755F2-9A61-4390-8D8B-BCA70151D17C}.Release|Any CPU.ActiveCfg = Release|Any CPU
		{234755F2-9A61-4390-8D8B-BCA70151D17C}.Release|Any CPU.Build.0 = Release|Any CPU
		{2D067503-337D-4407-9BBA-732885D65282}.Debug|Any CPU.ActiveCfg = Debug|Any CPU
		{2D067503-337D-4407-9BBA-732885D65282}.Debug|Any CPU.Build.0 = Debug|Any CPU
		{2D067503-337D-4407-9BBA-732885D65282}.Release|Any CPU.ActiveCfg = Release|Any CPU
		{2D067503-337D-4407-9BBA-732885D65282}.Release|Any CPU.Build.0 = Release|Any CPU
	EndGlobalSection
EndGlobal
